
Microsoft Visual Studio Solution File, Format Version 12.00
# Visual Studio Version 17
VisualStudioVersion = 17.5.33516.290
MinimumVisualStudioVersion = 10.0.40219.1
Project("{FAE04EC0-301F-11D3-BF4B-00C04F79EFBC}") = "WebAppDemoBootcamp", "WebAppDemoBootcamp\WebAppDemoBootcamp.csproj", "{71A3F223-E956-46A1-A9C7-7C884EC7FD54}"
EndProject
Global
	GlobalSection(SolutionConfigurationPlatforms) = preSolution
		Debug|Any CPU = Debug|Any CPU
		Release|Any CPU = Release|Any CPU
	EndGlobalSection
	GlobalSection(ProjectConfigurationPlatforms) = postSolution
		{71A3F223-E956-46A1-A9C7-7C884EC7FD54}.Debug|Any CPU.ActiveCfg = Debug|Any CPU
		{71A3F223-E956-46A1-A9C7-7C884EC7FD54}.Debug|Any CPU.Build.0 = Debug|Any CPU
		{71A3F223-E956-46A1-A9C7-7C884EC7FD54}.Release|Any CPU.ActiveCfg = Release|Any CPU
		{71A3F223-E956-46A1-A9C7-7C884EC7FD54}.Release|Any CPU.Build.0 = Release|Any CPU
	EndGlobalSection
	GlobalSection(SolutionProperties) = preSolution
		HideSolutionNode = FALSE
	EndGlobalSection
	GlobalSection(ExtensibilityGlobals) = postSolution
		SolutionGuid = {EB1A68DA-BB20-4C88-ABCC-C1C28B7C9E5F}
	EndGlobalSection
EndGlobal
